
Microsoft Visual Studio Solution File, Format Version 12.00
# Visual Studio Version 17
VisualStudioVersion = 17.5.33530.505
MinimumVisualStudioVersion = 10.0.40219.1
Project("{FAE04EC0-301F-11D3-BF4B-00C04F79EFBC}") = "Codingame - Logic gates", "Codingame - Logic gates.csproj", "{FC9625A2-DE6D-4E9D-BB3B-8FC220E43F7B}"
EndProject
Global
	GlobalSection(SolutionConfigurationPlatforms) = preSolution
		Debug|Any CPU = Debug|Any CPU
		Release|Any CPU = Release|Any CPU
	EndGlobalSection
	GlobalSection(ProjectConfigurationPlatforms) = postSolution
		{FC9625A2-DE6D-4E9D-BB3B-8FC220E43F7B}.Debug|Any CPU.ActiveCfg = Debug|Any CPU
		{FC9625A2-DE6D-4E9D-BB3B-8FC220E43F7B}.Debug|Any CPU.Build.0 = Debug|Any CPU
		{FC9625A2-DE6D-4E9D-BB3B-8FC220E43F7B}.Release|Any CPU.ActiveCfg = Release|Any CPU
		{FC9625A2-DE6D-4E9D-BB3B-8FC220E43F7B}.Release|Any CPU.Build.0 = Release|Any CPU
	EndGlobalSection
	GlobalSection(SolutionProperties) = preSolution
		HideSolutionNode = FALSE
	EndGlobalSection
	GlobalSection(ExtensibilityGlobals) = postSolution
		SolutionGuid = {37581E3C-6302-49AF-9081-946FB998508A}
	EndGlobalSection
EndGlobal
